// !$*UTF8*$!
{
	archiveVersion = 1;
	classes = {
	};
	objectVersion = 51;
	objects = {

/* Begin PBXBuildFile section */
		9B339C42249D54F8002914B3 /* AppDelegate.swift in Sources */ = {isa = PBXBuildFile; fileRef = 9B339C41249D54F8002914B3 /* AppDelegate.swift */; };
		9B339C44249D54F8002914B3 /* SceneDelegate.swift in Sources */ = {isa = PBXBuildFile; fileRef = 9B339C43249D54F8002914B3 /* SceneDelegate.swift */; };
		9B339C46249D54F8002914B3 /* ViewController.swift in Sources */ = {isa = PBXBuildFile; fileRef = 9B339C45249D54F8002914B3 /* ViewController.swift */; };
		9B339C49249D54F8002914B3 /* Main.storyboard in Resources */ = {isa = PBXBuildFile; fileRef = 9B339C47249D54F8002914B3 /* Main.storyboard */; };
		9B339C4B249D54FF002914B3 /* Assets.xcassets in Resources */ = {isa = PBXBuildFile; fileRef = 9B339C4A249D54FF002914B3 /* Assets.xcassets */; };
		9B339C4E249D54FF002914B3 /* LaunchScreen.storyboard in Resources */ = {isa = PBXBuildFile; fileRef = 9B339C4C249D54FF002914B3 /* LaunchScreen.storyboard */; };
		9B339C5B249D593E002914B3 /* StoryCell.swift in Sources */ = {isa = PBXBuildFile; fileRef = 9B339C5A249D593E002914B3 /* StoryCell.swift */; };
		9B339C5D249D596F002914B3 /* StoryCategoryModel.swift in Sources */ = {isa = PBXBuildFile; fileRef = 9B339C5C249D596F002914B3 /* StoryCategoryModel.swift */; };
		9B339C5F249D5EF2002914B3 /* SegmentedProgressBar.swift in Sources */ = {isa = PBXBuildFile; fileRef = 9B339C5E249D5EF1002914B3 /* SegmentedProgressBar.swift */; };
		9B339C61249D5F19002914B3 /* CubeView.swift in Sources */ = {isa = PBXBuildFile; fileRef = 9B339C60249D5F19002914B3 /* CubeView.swift */; };
		9B339C63249D5FDA002914B3 /* StoryDetailViewController.swift in Sources */ = {isa = PBXBuildFile; fileRef = 9B339C62249D5FDA002914B3 /* StoryDetailViewController.swift */; };
		9B339C65249E56F6002914B3 /* StoryDetailModel.swift in Sources */ = {isa = PBXBuildFile; fileRef = 9B339C64249E56F6002914B3 /* StoryDetailModel.swift */; };
		9B339C67249E5C73002914B3 /* GoogleService-Info.plist in Resources */ = {isa = PBXBuildFile; fileRef = 9B339C66249E5C73002914B3 /* GoogleService-Info.plist */; };
		9B339C6E249EA688002914B3 /* UIScrollView.swift in Sources */ = {isa = PBXBuildFile; fileRef = 9B339C6D249EA687002914B3 /* UIScrollView.swift */; };
		9B339C71249EAF1E002914B3 /* API.swift in Sources */ = {isa = PBXBuildFile; fileRef = 9B339C70249EAF1E002914B3 /* API.swift */; };
		9B339C73249EC053002914B3 /* DataManager.swift in Sources */ = {isa = PBXBuildFile; fileRef = 9B339C72249EC053002914B3 /* DataManager.swift */; };
		9B339C75249FE695002914B3 /* FeedCell.swift in Sources */ = {isa = PBXBuildFile; fileRef = 9B339C74249FE694002914B3 /* FeedCell.swift */; };
		9B339C77249FE6B9002914B3 /* FeedModel.swift in Sources */ = {isa = PBXBuildFile; fileRef = 9B339C76249FE6B9002914B3 /* FeedModel.swift */; };
		9B4A6AD624A27E3D008ECDE5 /* VideoView.swift in Sources */ = {isa = PBXBuildFile; fileRef = 9B4A6AD524A27E3C008ECDE5 /* VideoView.swift */; };
		C628F0A28B95FC6CDB32DFFD /* Pods_StoryPlayer.framework in Frameworks */ = {isa = PBXBuildFile; fileRef = E77E705E52FE0F5D0A2F9525 /* Pods_StoryPlayer.framework */; };
/* End PBXBuildFile section */

/* Begin PBXFileReference section */
		1B600B992E0F456A2A5E69FB /* Pods-StoryPlayer.debug.xcconfig */ = {isa = PBXFileReference; includeInIndex = 1; lastKnownFileType = text.xcconfig; name = "Pods-StoryPlayer.debug.xcconfig"; path = "Target Support Files/Pods-StoryPlayer/Pods-StoryPlayer.debug.xcconfig"; sourceTree = "<group>"; };
		6E2AAFAEBEFDE45DF37ECA8A /* Pods-StoryPlayer.release.xcconfig */ = {isa = PBXFileReference; includeInIndex = 1; lastKnownFileType = text.xcconfig; name = "Pods-StoryPlayer.release.xcconfig"; path = "Target Support Files/Pods-StoryPlayer/Pods-StoryPlayer.release.xcconfig"; sourceTree = "<group>"; };
		9B339C3E249D54F8002914B3 /* StoryPlayer.app */ = {isa = PBXFileReference; explicitFileType = wrapper.application; includeInIndex = 0; path = StoryPlayer.app; sourceTree = BUILT_PRODUCTS_DIR; };
		9B339C41249D54F8002914B3 /* AppDelegate.swift */ = {isa = PBXFileReference; lastKnownFileType = sourcecode.swift; path = AppDelegate.swift; sourceTree = "<group>"; };
		9B339C43249D54F8002914B3 /* SceneDelegate.swift */ = {isa = PBXFileReference; lastKnownFileType = sourcecode.swift; path = SceneDelegate.swift; sourceTree = "<group>"; };
		9B339C45249D54F8002914B3 /* ViewController.swift */ = {isa = PBXFileReference; lastKnownFileType = sourcecode.swift; path = ViewController.swift; sourceTree = "<group>"; };
		9B339C48249D54F8002914B3 /* Base */ = {isa = PBXFileReference; lastKnownFileType = file.storyboard; name = Base; path = Base.lproj/Main.storyboard; sourceTree = "<group>"; };
		9B339C4A249D54FF002914B3 /* Assets.xcassets */ = {isa = PBXFileReference; lastKnownFileType = folder.assetcatalog; path = Assets.xcassets; sourceTree = "<group>"; };
		9B339C4D249D54FF002914B3 /* Base */ = {isa = PBXFileReference; lastKnownFileType = file.storyboard; name = Base; path = Base.lproj/LaunchScreen.storyboard; sourceTree = "<group>"; };
		9B339C4F249D54FF002914B3 /* Info.plist */ = {isa = PBXFileReference; lastKnownFileType = text.plist.xml; path = Info.plist; sourceTree = "<group>"; };
		9B339C5A249D593E002914B3 /* StoryCell.swift */ = {isa = PBXFileReference; lastKnownFileType = sourcecode.swift; path = StoryCell.swift; sourceTree = "<group>"; };
		9B339C5C249D596F002914B3 /* StoryCategoryModel.swift */ = {isa = PBXFileReference; lastKnownFileType = sourcecode.swift; path = StoryCategoryModel.swift; sourceTree = "<group>"; };
		9B339C5E249D5EF1002914B3 /* SegmentedProgressBar.swift */ = {isa = PBXFileReference; lastKnownFileType = sourcecode.swift; path = SegmentedProgressBar.swift; sourceTree = "<group>"; };
		9B339C60249D5F19002914B3 /* CubeView.swift */ = {isa = PBXFileReference; lastKnownFileType = sourcecode.swift; path = CubeView.swift; sourceTree = "<group>"; };
		9B339C62249D5FDA002914B3 /* StoryDetailViewController.swift */ = {isa = PBXFileReference; lastKnownFileType = sourcecode.swift; path = StoryDetailViewController.swift; sourceTree = "<group>"; };
		9B339C64249E56F6002914B3 /* StoryDetailModel.swift */ = {isa = PBXFileReference; lastKnownFileType = sourcecode.swift; path = StoryDetailModel.swift; sourceTree = "<group>"; };
		9B339C66249E5C73002914B3 /* GoogleService-Info.plist */ = {isa = PBXFileReference; fileEncoding = 4; lastKnownFileType = text.plist.xml; path = "GoogleService-Info.plist"; sourceTree = "<group>"; };
		9B339C6D249EA687002914B3 /* UIScrollView.swift */ = {isa = PBXFileReference; lastKnownFileType = sourcecode.swift; path = UIScrollView.swift; sourceTree = "<group>"; };
		9B339C70249EAF1E002914B3 /* API.swift */ = {isa = PBXFileReference; lastKnownFileType = sourcecode.swift; path = API.swift; sourceTree = "<group>"; };
		9B339C72249EC053002914B3 /* DataManager.swift */ = {isa = PBXFileReference; lastKnownFileType = sourcecode.swift; path = DataManager.swift; sourceTree = "<group>"; };
		9B339C74249FE694002914B3 /* FeedCell.swift */ = {isa = PBXFileReference; lastKnownFileType = sourcecode.swift; path = FeedCell.swift; sourceTree = "<group>"; };
		9B339C76249FE6B9002914B3 /* FeedModel.swift */ = {isa = PBXFileReference; lastKnownFileType = sourcecode.swift; path = FeedModel.swift; sourceTree = "<group>"; };
		9B4A6AD524A27E3C008ECDE5 /* VideoView.swift */ = {isa = PBXFileReference; lastKnownFileType = sourcecode.swift; path = VideoView.swift; sourceTree = "<group>"; };
		E77E705E52FE0F5D0A2F9525 /* Pods_StoryPlayer.framework */ = {isa = PBXFileReference; explicitFileType = wrapper.framework; includeInIndex = 0; path = Pods_StoryPlayer.framework; sourceTree = BUILT_PRODUCTS_DIR; };
/* End PBXFileReference section */

/* Begin PBXFrameworksBuildPhase section */
		9B339C3B249D54F8002914B3 /* Frameworks */ = {
			isa = PBXFrameworksBuildPhase;
			buildActionMask = 2147483647;
			files = (
				C628F0A28B95FC6CDB32DFFD /* Pods_StoryPlayer.framework in Frameworks */,
			);
			runOnlyForDeploymentPostprocessing = 0;
		};
/* End PBXFrameworksBuildPhase section */

/* Begin PBXGroup section */
		9B339C35249D54F8002914B3 = {
			isa = PBXGroup;
			children = (
				9B339C40249D54F8002914B3 /* StoryPlayer */,
				9B339C3F249D54F8002914B3 /* Products */,
				A7F8A90ABFDCD2BD3BAEA206 /* Pods */,
				ACA913A5602F881284DF052B /* Frameworks */,
			);
			sourceTree = "<group>";
		};
		9B339C3F249D54F8002914B3 /* Products */ = {
			isa = PBXGroup;
			children = (
				9B339C3E249D54F8002914B3 /* StoryPlayer.app */,
			);
			name = Products;
			sourceTree = "<group>";
		};
		9B339C40249D54F8002914B3 /* StoryPlayer */ = {
			isa = PBXGroup;
			children = (
				9B339C6F249EAF12002914B3 /* API */,
				9B339C59249D55F8002914B3 /* Extensions */,
				9B339C58249D55F2002914B3 /* Managers */,
				9B339C57249D55ED002914B3 /* Model */,
				9B339C56249D55E9002914B3 /* View */,
				9B339C55249D55DE002914B3 /* Controller */,
				9B339C41249D54F8002914B3 /* AppDelegate.swift */,
				9B339C43249D54F8002914B3 /* SceneDelegate.swift */,
				9B339C47249D54F8002914B3 /* Main.storyboard */,
				9B339C4A249D54FF002914B3 /* Assets.xcassets */,
				9B339C4C249D54FF002914B3 /* LaunchScreen.storyboard */,
				9B339C4F249D54FF002914B3 /* Info.plist */,
				9B339C66249E5C73002914B3 /* GoogleService-Info.plist */,
			);
			path = StoryPlayer;
			sourceTree = "<group>";
		};
		9B339C55249D55DE002914B3 /* Controller */ = {
			isa = PBXGroup;
			children = (
				9B339C45249D54F8002914B3 /* ViewController.swift */,
				9B339C62249D5FDA002914B3 /* StoryDetailViewController.swift */,
			);
			path = Controller;
			sourceTree = "<group>";
		};
		9B339C56249D55E9002914B3 /* View */ = {
			isa = PBXGroup;
			children = (
				9B339C5A249D593E002914B3 /* StoryCell.swift */,
				9B339C5E249D5EF1002914B3 /* SegmentedProgressBar.swift */,
				9B339C60249D5F19002914B3 /* CubeView.swift */,
				9B339C74249FE694002914B3 /* FeedCell.swift */,
				9B4A6AD524A27E3C008ECDE5 /* VideoView.swift */,
			);
			path = View;
			sourceTree = "<group>";
		};
		9B339C57249D55ED002914B3 /* Model */ = {
			isa = PBXGroup;
			children = (
				9B339C5C249D596F002914B3 /* StoryCategoryModel.swift */,
				9B339C64249E56F6002914B3 /* StoryDetailModel.swift */,
				9B339C76249FE6B9002914B3 /* FeedModel.swift */,
			);
			path = Model;
			sourceTree = "<group>";
		};
		9B339C58249D55F2002914B3 /* Managers */ = {
			isa = PBXGroup;
			children = (
				9B339C72249EC053002914B3 /* DataManager.swift */,
			);
			path = Managers;
			sourceTree = "<group>";
		};
		9B339C59249D55F8002914B3 /* Extensions */ = {
			isa = PBXGroup;
			children = (
				9B339C6D249EA687002914B3 /* UIScrollView.swift */,
			);
			path = Extensions;
			sourceTree = "<group>";
		};
		9B339C6F249EAF12002914B3 /* API */ = {
			isa = PBXGroup;
			children = (
				9B339C70249EAF1E002914B3 /* API.swift */,
			);
			path = API;
			sourceTree = "<group>";
		};
		A7F8A90ABFDCD2BD3BAEA206 /* Pods */ = {
			isa = PBXGroup;
			children = (
				1B600B992E0F456A2A5E69FB /* Pods-StoryPlayer.debug.xcconfig */,
				6E2AAFAEBEFDE45DF37ECA8A /* Pods-StoryPlayer.release.xcconfig */,
			);
			path = Pods;
			sourceTree = "<group>";
		};
		ACA913A5602F881284DF052B /* Frameworks */ = {
			isa = PBXGroup;
			children = (
				E77E705E52FE0F5D0A2F9525 /* Pods_StoryPlayer.framework */,
			);
			name = Frameworks;
			sourceTree = "<group>";
		};
/* End PBXGroup section */

/* Begin PBXNativeTarget section */
		9B339C3D249D54F8002914B3 /* StoryPlayer */ = {
			isa = PBXNativeTarget;
			buildConfigurationList = 9B339C52249D54FF002914B3 /* Build configuration list for PBXNativeTarget "StoryPlayer" */;
			buildPhases = (
				EEF5883496D5FE696E5BBB45 /* [CP] Check Pods Manifest.lock */,
				9B339C3A249D54F8002914B3 /* Sources */,
				9B339C3B249D54F8002914B3 /* Frameworks */,
				9B339C3C249D54F8002914B3 /* Resources */,
				827F8F14E7C9F4C95FBB0189 /* [CP] Embed Pods Frameworks */,
			);
			buildRules = (
			);
			dependencies = (
			);
			name = StoryPlayer;
			productName = StoryPlayer;
			productReference = 9B339C3E249D54F8002914B3 /* StoryPlayer.app */;
			productType = "com.apple.product-type.application";
		};
/* End PBXNativeTarget section */

/* Begin PBXProject section */
		9B339C36249D54F8002914B3 /* Project object */ = {
			isa = PBXProject;
			attributes = {
				LastSwiftUpdateCheck = 1150;
				LastUpgradeCheck = 1150;
				ORGANIZATIONNAME = "Furkan Bekil";
				TargetAttributes = {
					9B339C3D249D54F8002914B3 = {
						CreatedOnToolsVersion = 11.5;
					};
				};
			};
			buildConfigurationList = 9B339C39249D54F8002914B3 /* Build configuration list for PBXProject "StoryPlayer" */;
			compatibilityVersion = "Xcode 9.3";
			developmentRegion = en;
			hasScannedForEncodings = 0;
			knownRegions = (
				en,
				Base,
			);
			mainGroup = 9B339C35249D54F8002914B3;
			productRefGroup = 9B339C3F249D54F8002914B3 /* Products */;
			projectDirPath = "";
			projectRoot = "";
			targets = (
				9B339C3D249D54F8002914B3 /* StoryPlayer */,
			);
		};
/* End PBXProject section */

/* Begin PBXResourcesBuildPhase section */
		9B339C3C249D54F8002914B3 /* Resources */ = {
			isa = PBXResourcesBuildPhase;
			buildActionMask = 2147483647;
			files = (
				9B339C4E249D54FF002914B3 /* LaunchScreen.storyboard in Resources */,
				9B339C67249E5C73002914B3 /* GoogleService-Info.plist in Resources */,
				9B339C4B249D54FF002914B3 /* Assets.xcassets in Resources */,
				9B339C49249D54F8002914B3 /* Main.storyboard in Resources */,
			);
			runOnlyForDeploymentPostprocessing = 0;
		};
/* End PBXResourcesBuildPhase section */

/* Begin PBXShellScriptBuildPhase section */
		827F8F14E7C9F4C95FBB0189 /* [CP] Embed Pods Frameworks */ = {
			isa = PBXShellScriptBuildPhase;
			buildActionMask = 2147483647;
			files = (
			);
			inputFileListPaths = (
				"${PODS_ROOT}/Target Support Files/Pods-StoryPlayer/Pods-StoryPlayer-frameworks-${CONFIGURATION}-input-files.xcfilelist",
			);
			name = "[CP] Embed Pods Frameworks";
			outputFileListPaths = (
				"${PODS_ROOT}/Target Support Files/Pods-StoryPlayer/Pods-StoryPlayer-frameworks-${CONFIGURATION}-output-files.xcfilelist",
			);
			runOnlyForDeploymentPostprocessing = 0;
			shellPath = /bin/sh;
			shellScript = "\"${PODS_ROOT}/Target Support Files/Pods-StoryPlayer/Pods-StoryPlayer-frameworks.sh\"\n";
			showEnvVarsInLog = 0;
		};
		EEF5883496D5FE696E5BBB45 /* [CP] Check Pods Manifest.lock */ = {
			isa = PBXShellScriptBuildPhase;
			buildActionMask = 2147483647;
			files = (
			);
			inputFileListPaths = (
			);
			inputPaths = (
				"${PODS_PODFILE_DIR_PATH}/Podfile.lock",
				"${PODS_ROOT}/Manifest.lock",
			);
			name = "[CP] Check Pods Manifest.lock";
			outputFileListPaths = (
			);
			outputPaths = (
				"$(DERIVED_FILE_DIR)/Pods-StoryPlayer-checkManifestLockResult.txt",
			);
			runOnlyForDeploymentPostprocessing = 0;
			shellPath = /bin/sh;
			shellScript = "diff \"${PODS_PODFILE_DIR_PATH}/Podfile.lock\" \"${PODS_ROOT}/Manifest.lock\" > /dev/null\nif [ $? != 0 ] ; then\n    # print error to STDERR\n    echo \"error: The sandbox is not in sync with the Podfile.lock. Run 'pod install' or update your CocoaPods installation.\" >&2\n    exit 1\nfi\n# This output is used by Xcode 'outputs' to avoid re-running this script phase.\necho \"SUCCESS\" > \"${SCRIPT_OUTPUT_FILE_0}\"\n";
			showEnvVarsInLog = 0;
		};
/* End PBXShellScriptBuildPhase section */

/* Begin PBXSourcesBuildPhase section */
		9B339C3A249D54F8002914B3 /* Sources */ = {
			isa = PBXSourcesBuildPhase;
			buildActionMask = 2147483647;
			files = (
				9B339C71249EAF1E002914B3 /* API.swift in Sources */,
				9B339C75249FE695002914B3 /* FeedCell.swift in Sources */,
				9B339C73249EC053002914B3 /* DataManager.swift in Sources */,
				9B339C61249D5F19002914B3 /* CubeView.swift in Sources */,
				9B339C46249D54F8002914B3 /* ViewController.swift in Sources */,
				9B339C65249E56F6002914B3 /* StoryDetailModel.swift in Sources */,
				9B339C42249D54F8002914B3 /* AppDelegate.swift in Sources */,
				9B339C5D249D596F002914B3 /* StoryCategoryModel.swift in Sources */,
				9B339C6E249EA688002914B3 /* UIScrollView.swift in Sources */,
				9B339C44249D54F8002914B3 /* SceneDelegate.swift in Sources */,
				9B4A6AD624A27E3D008ECDE5 /* VideoView.swift in Sources */,
				9B339C63249D5FDA002914B3 /* StoryDetailViewController.swift in Sources */,
				9B339C77249FE6B9002914B3 /* FeedModel.swift in Sources */,
				9B339C5B249D593E002914B3 /* StoryCell.swift in Sources */,
				9B339C5F249D5EF2002914B3 /* SegmentedProgressBar.swift in Sources */,
			);
			runOnlyForDeploymentPostprocessing = 0;
		};
/* End PBXSourcesBuildPhase section */

/* Begin PBXVariantGroup section */
		9B339C47249D54F8002914B3 /* Main.storyboard */ = {
			isa = PBXVariantGroup;
			children = (
				9B339C48249D54F8002914B3 /* Base */,
			);
			name = Main.storyboard;
			sourceTree = "<group>";
		};
		9B339C4C249D54FF002914B3 /* LaunchScreen.storyboard */ = {
			isa = PBXVariantGroup;
			children = (
				9B339C4D249D54FF002914B3 /* Base */,
			);
			name = LaunchScreen.storyboard;
			sourceTree = "<group>";
		};
/* End PBXVariantGroup section */

/* Begin XCBuildConfiguration section */
		9B339C50249D54FF002914B3 /* Debug */ = {
			isa = XCBuildConfiguration;
			buildSettings = {
				ALWAYS_SEARCH_USER_PATHS = NO;
				CLANG_ANALYZER_NONNULL = YES;
				CLANG_ANALYZER_NUMBER_OBJECT_CONVERSION = YES_AGGRESSIVE;
				CLANG_CXX_LANGUAGE_STANDARD = "gnu++14";
				CLANG_CXX_LIBRARY = "libc++";
				CLANG_ENABLE_MODULES = YES;
				CLANG_ENABLE_OBJC_ARC = YES;
				CLANG_ENABLE_OBJC_WEAK = YES;
				CLANG_WARN_BLOCK_CAPTURE_AUTORELEASING = YES;
				CLANG_WARN_BOOL_CONVERSION = YES;
				CLANG_WARN_COMMA = YES;
				CLANG_WARN_CONSTANT_CONVERSION = YES;
				CLANG_WARN_DEPRECATED_OBJC_IMPLEMENTATIONS = YES;
				CLANG_WARN_DIRECT_OBJC_ISA_USAGE = YES_ERROR;
				CLANG_WARN_DOCUMENTATION_COMMENTS = YES;
				CLANG_WARN_EMPTY_BODY = YES;
				CLANG_WARN_ENUM_CONVERSION = YES;
				CLANG_WARN_INFINITE_RECURSION = YES;
				CLANG_WARN_INT_CONVERSION = YES;
				CLANG_WARN_NON_LITERAL_NULL_CONVERSION = YES;
				CLANG_WARN_OBJC_IMPLICIT_RETAIN_SELF = YES;
				CLANG_WARN_OBJC_LITERAL_CONVERSION = YES;
				CLANG_WARN_OBJC_ROOT_CLASS = YES_ERROR;
				CLANG_WARN_RANGE_LOOP_ANALYSIS = YES;
				CLANG_WARN_STRICT_PROTOTYPES = YES;
				CLANG_WARN_SUSPICIOUS_MOVE = YES;
				CLANG_WARN_UNGUARDED_AVAILABILITY = YES_AGGRESSIVE;
				CLANG_WARN_UNREACHABLE_CODE = YES;
				CLANG_WARN__DUPLICATE_METHOD_MATCH = YES;
				COPY_PHASE_STRIP = NO;
				DEBUG_INFORMATION_FORMAT = dwarf;
				ENABLE_STRICT_OBJC_MSGSEND = YES;
				ENABLE_TESTABILITY = YES;
				GCC_C_LANGUAGE_STANDARD = gnu11;
				GCC_DYNAMIC_NO_PIC = NO;
				GCC_NO_COMMON_BLOCKS = YES;
				GCC_OPTIMIZATION_LEVEL = 0;
				GCC_PREPROCESSOR_DEFINITIONS = (
					"DEBUG=1",
					"$(inherited)",
				);
				GCC_WARN_64_TO_32_BIT_CONVERSION = YES;
				GCC_WARN_ABOUT_RETURN_TYPE = YES_ERROR;
				GCC_WARN_UNDECLARED_SELECTOR = YES;
				GCC_WARN_UNINITIALIZED_AUTOS = YES_AGGRESSIVE;
				GCC_WARN_UNUSED_FUNCTION = YES;
				GCC_WARN_UNUSED_VARIABLE = YES;
				IPHONEOS_DEPLOYMENT_TARGET = 13.5;
				MTL_ENABLE_DEBUG_INFO = INCLUDE_SOURCE;
				MTL_FAST_MATH = YES;
				ONLY_ACTIVE_ARCH = YES;
				SDKROOT = iphoneos;
				SWIFT_ACTIVE_COMPILATION_CONDITIONS = DEBUG;
				SWIFT_OPTIMIZATION_LEVEL = "-Onone";
			};
			name = Debug;
		};
		9B339C51249D54FF002914B3 /* Release */ = {
			isa = XCBuildConfiguration;
			buildSettings = {
				ALWAYS_SEARCH_USER_PATHS = NO;
				CLANG_ANALYZER_NONNULL = YES;
				CLANG_ANALYZER_NUMBER_OBJECT_CONVERSION = YES_AGGRESSIVE;
				CLANG_CXX_LANGUAGE_STANDARD = "gnu++14";
				CLANG_CXX_LIBRARY = "libc++";
				CLANG_ENABLE_MODULES = YES;
				CLANG_ENABLE_OBJC_ARC = YES;
				CLANG_ENABLE_OBJC_WEAK = YES;
				CLANG_WARN_BLOCK_CAPTURE_AUTORELEASING = YES;
				CLANG_WARN_BOOL_CONVERSION = YES;
				CLANG_WARN_COMMA = YES;
				CLANG_WARN_CONSTANT_CONVERSION = YES;
				CLANG_WARN_DEPRECATED_OBJC_IMPLEMENTATIONS = YES;
				CLANG_WARN_DIRECT_OBJC_ISA_USAGE = YES_ERROR;
				CLANG_WARN_DOCUMENTATION_COMMENTS = YES;
				CLANG_WARN_EMPTY_BODY = YES;
				CLANG_WARN_ENUM_CONVERSION = YES;
				CLANG_WARN_INFINITE_RECURSION = YES;
				CLANG_WARN_INT_CONVERSION = YES;
				CLANG_WARN_NON_LITERAL_NULL_CONVERSION = YES;
				CLANG_WARN_OBJC_IMPLICIT_RETAIN_SELF = YES;
				CLANG_WARN_OBJC_LITERAL_CONVERSION = YES;
				CLANG_WARN_OBJC_ROOT_CLASS = YES_ERROR;
				CLANG_WARN_RANGE_LOOP_ANALYSIS = YES;
				CLANG_WARN_STRICT_PROTOTYPES = YES;
				CLANG_WARN_SUSPICIOUS_MOVE = YES;
				CLANG_WARN_UNGUARDED_AVAILABILITY = YES_AGGRESSIVE;
				CLANG_WARN_UNREACHABLE_CODE = YES;
				CLANG_WARN__DUPLICATE_METHOD_MATCH = YES;
				COPY_PHASE_STRIP = NO;
				DEBUG_INFORMATION_FORMAT = "dwarf-with-dsym";
				ENABLE_NS_ASSERTIONS = NO;
				ENABLE_STRICT_OBJC_MSGSEND = YES;
				GCC_C_LANGUAGE_STANDARD = gnu11;
				GCC_NO_COMMON_BLOCKS = YES;
				GCC_WARN_64_TO_32_BIT_CONVERSION = YES;
				GCC_WARN_ABOUT_RETURN_TYPE = YES_ERROR;
				GCC_WARN_UNDECLARED_SELECTOR = YES;
				GCC_WARN_UNINITIALIZED_AUTOS = YES_AGGRESSIVE;
				GCC_WARN_UNUSED_FUNCTION = YES;
				GCC_WARN_UNUSED_VARIABLE = YES;
				IPHONEOS_DEPLOYMENT_TARGET = 13.5;
				MTL_ENABLE_DEBUG_INFO = NO;
				MTL_FAST_MATH = YES;
				SDKROOT = iphoneos;
				SWIFT_COMPILATION_MODE = wholemodule;
				SWIFT_OPTIMIZATION_LEVEL = "-O";
				VALIDATE_PRODUCT = YES;
			};
			name = Release;
		};
		9B339C53249D54FF002914B3 /* Debug */ = {
			isa = XCBuildConfiguration;
			baseConfigurationReference = 1B600B992E0F456A2A5E69FB /* Pods-StoryPlayer.debug.xcconfig */;
			buildSettings = {
				ASSETCATALOG_COMPILER_APPICON_NAME = AppIcon;
				CODE_SIGN_STYLE = Automatic;
				DEVELOPMENT_TEAM = R79ZY924QJ;
				INFOPLIST_FILE = StoryPlayer/Info.plist;
				IPHONEOS_DEPLOYMENT_TARGET = 13.0;
				LD_RUNPATH_SEARCH_PATHS = (
					"$(inherited)",
					"@executable_path/Frameworks",
				);
				PRODUCT_BUNDLE_IDENTIFIER = com.bekil.StoryPlayer;
				PRODUCT_NAME = "$(TARGET_NAME)";
				SWIFT_VERSION = 5.0;
				TARGETED_DEVICE_FAMILY = "1,2";
			};
			name = Debug;
		};
		9B339C54249D54FF002914B3 /* Release */ = {
			isa = XCBuildConfiguration;
			baseConfigurationReference = 6E2AAFAEBEFDE45DF37ECA8A /* Pods-StoryPlayer.release.xcconfig */;
			buildSettings = {
				ASSETCATALOG_COMPILER_APPICON_NAME = AppIcon;
				CODE_SIGN_STYLE = Automatic;
				DEVELOPMENT_TEAM = R79ZY924QJ;
				INFOPLIST_FILE = StoryPlayer/Info.plist;
				IPHONEOS_DEPLOYMENT_TARGET = 13.0;
				LD_RUNPATH_SEARCH_PATHS = (
					"$(inherited)",
					"@executable_path/Frameworks",
				);
				PRODUCT_BUNDLE_IDENTIFIER = com.bekil.StoryPlayer;
				PRODUCT_NAME = "$(TARGET_NAME)";
				SWIFT_VERSION = 5.0;
				TARGETED_DEVICE_FAMILY = "1,2";
			};
			name = Release;
		};
/* End XCBuildConfiguration section */

/* Begin XCConfigurationList section */
		9B339C39249D54F8002914B3 /* Build configuration list for PBXProject "StoryPlayer" */ = {
			isa = XCConfigurationList;
			buildConfigurations = (
				9B339C50249D54FF002914B3 /* Debug */,
				9B339C51249D54FF002914B3 /* Release */,
			);
			defaultConfigurationIsVisible = 0;
			defaultConfigurationName = Release;
		};
		9B339C52249D54FF002914B3 /* Build configuration list for PBXNativeTarget "StoryPlayer" */ = {
			isa = XCConfigurationList;
			buildConfigurations = (
				9B339C53249D54FF002914B3 /* Debug */,
				9B339C54249D54FF002914B3 /* Release */,
			);
			defaultConfigurationIsVisible = 0;
			defaultConfigurationName = Release;
		};
/* End XCConfigurationList section */
	};
	rootObject = 9B339C36249D54F8002914B3 /* Project object */;
}
